
Microsoft Visual Studio Solution File, Format Version 12.00
# Visual Studio Version 16
VisualStudioVersion = 16.0.31402.337
MinimumVisualStudioVersion = 10.0.40219.1
Project("{9A19103F-16F7-4668-BE54-9A1E7A4F7556}") = "my-books-api", "my-books-api\my-books-api.csproj", "{27FD095C-9F60-49BA-88EA-D44A57DD9037}"
EndProject
Project("{FAE04EC0-301F-11D3-BF4B-00C04F79EFBC}") = "my-books-api-tests", "my-books-api-tests\my-books-api-tests.csproj", "{FBBBED47-B29F-41BE-8326-7D85CAEEEC24}"
EndProject
Global
	GlobalSection(SolutionConfigurationPlatforms) = preSolution
		Debug|Any CPU = Debug|Any CPU
		Release|Any CPU = Release|Any CPU
	EndGlobalSection
	GlobalSection(ProjectConfigurationPlatforms) = postSolution
		{27FD095C-9F60-49BA-88EA-D44A57DD9037}.Debug|Any CPU.ActiveCfg = Debug|Any CPU
		{27FD095C-9F60-49BA-88EA-D44A57DD9037}.Debug|Any CPU.Build.0 = Debug|Any CPU
		{27FD095C-9F60-49BA-88EA-D44A57DD9037}.Release|Any CPU.ActiveCfg = Release|Any CPU
		{27FD095C-9F60-49BA-88EA-D44A57DD9037}.Release|Any CPU.Build.0 = Release|Any CPU
		{FBBBED47-B29F-41BE-8326-7D85CAEEEC24}.Debug|Any CPU.ActiveCfg = Debug|Any CPU
		{FBBBED47-B29F-41BE-8326-7D85CAEEEC24}.Debug|Any CPU.Build.0 = Debug|Any CPU
		{FBBBED47-B29F-41BE-8326-7D85CAEEEC24}.Release|Any CPU.ActiveCfg = Release|Any CPU
		{FBBBED47-B29F-41BE-8326-7D85CAEEEC24}.Release|Any CPU.Build.0 = Release|Any CPU
	EndGlobalSection
	GlobalSection(SolutionProperties) = preSolution
		HideSolutionNode = FALSE
	EndGlobalSection
	GlobalSection(ExtensibilityGlobals) = postSolution
		SolutionGuid = {5DFD7AE3-D717-4292-81EF-AD589C134ACE}
	EndGlobalSection
EndGlobal
